
Microsoft Visual Studio Solution File, Format Version 12.00
# Visual Studio Version 17
VisualStudioVersion = 17.3.32901.215
MinimumVisualStudioVersion = 10.0.40219.1
Project("{9A19103F-16F7-4668-BE54-9A1E7A4F7556}") = "SimplyForum", "SimplyForum\SimplyForum.csproj", "{3D1AC217-256C-4114-AD26-C1F167C46998}"
EndProject
Project("{9A19103F-16F7-4668-BE54-9A1E7A4F7556}") = "SimplyForum.Infrastructure", "SimplyForum.Infrastructure\SimplyForum.Infrastructure.csproj", "{E95AC31C-8CD3-427A-AEF2-0ACEC74C663F}"
EndProject
Project("{9A19103F-16F7-4668-BE54-9A1E7A4F7556}") = "SimplyForum.Core", "SimplyForum.Core\SimplyForum.Core.csproj", "{9A469767-F056-47A5-A7DA-8D20A8A3166E}"
EndProject
Global
	GlobalSection(SolutionConfigurationPlatforms) = preSolution
		Debug|Any CPU = Debug|Any CPU
		Release|Any CPU = Release|Any CPU
	EndGlobalSection
	GlobalSection(ProjectConfigurationPlatforms) = postSolution
		{3D1AC217-256C-4114-AD26-C1F167C46998}.Debug|Any CPU.ActiveCfg = Debug|Any CPU
		{3D1AC217-256C-4114-AD26-C1F167C46998}.Debug|Any CPU.Build.0 = Debug|Any CPU
		{3D1AC217-256C-4114-AD26-C1F167C46998}.Release|Any CPU.ActiveCfg = Release|Any CPU
		{3D1AC217-256C-4114-AD26-C1F167C46998}.Release|Any CPU.Build.0 = Release|Any CPU
		{E95AC31C-8CD3-427A-AEF2-0ACEC74C663F}.Debug|Any CPU.ActiveCfg = Debug|Any CPU
		{E95AC31C-8CD3-427A-AEF2-0ACEC74C663F}.Debug|Any CPU.Build.0 = Debug|Any CPU
		{E95AC31C-8CD3-427A-AEF2-0ACEC74C663F}.Release|Any CPU.ActiveCfg = Release|Any CPU
		{E95AC31C-8CD3-427A-AEF2-0ACEC74C663F}.Release|Any CPU.Build.0 = Release|Any CPU
		{9A469767-F056-47A5-A7DA-8D20A8A3166E}.Debug|Any CPU.ActiveCfg = Debug|Any CPU
		{9A469767-F056-47A5-A7DA-8D20A8A3166E}.Debug|Any CPU.Build.0 = Debug|Any CPU
		{9A469767-F056-47A5-A7DA-8D20A8A3166E}.Release|Any CPU.ActiveCfg = Release|Any CPU
		{9A469767-F056-47A5-A7DA-8D20A8A3166E}.Release|Any CPU.Build.0 = Release|Any CPU
	EndGlobalSection
	GlobalSection(SolutionProperties) = preSolution
		HideSolutionNode = FALSE
	EndGlobalSection
	GlobalSection(ExtensibilityGlobals) = postSolution
		SolutionGuid = {B81F78D2-D4F9-43B6-B590-3D39F589896F}
	EndGlobalSection
EndGlobal
